
Microsoft Visual Studio Solution File, Format Version 12.00
# Visual Studio Version 16
VisualStudioVersion = 16.0.29324.140
MinimumVisualStudioVersion = 10.0.40219.1
Project("{FAE04EC0-301F-11D3-BF4B-00C04F79EFBC}") = "Fractions", "Fractions\Fractions.csproj", "{4183B28F-804A-4773-A6C3-4AF031DF66C9}"
EndProject
Project("{FAE04EC0-301F-11D3-BF4B-00C04F79EFBC}") = "Polinomial", "Polinomial\Polinomial.csproj", "{DED231C8-970C-4EFA-8EF1-266A5CC8A590}"
EndProject
Project("{FAE04EC0-301F-11D3-BF4B-00C04F79EFBC}") = "Hexademical Integer", "Hexademical Integer\Hexademical Integer.csproj", "{02C7EC6C-D284-453B-82DE-36863A1249B8}"
EndProject
Project("{FAE04EC0-301F-11D3-BF4B-00C04F79EFBC}") = "Floating Numbers", "Floating Numbers\Floating Numbers.csproj", "{D37D031D-B109-43A9-A01C-E1B6C9E13204}"
EndProject
Project("{FAE04EC0-301F-11D3-BF4B-00C04F79EFBC}") = "Text to Vector representation", "Text to Vector representation\Text to Vector representation.csproj", "{535B8FD0-1188-4AD6-B855-CCB6132CA389}"
EndProject
Global
	GlobalSection(SolutionConfigurationPlatforms) = preSolution
		Debug|Any CPU = Debug|Any CPU
		Release|Any CPU = Release|Any CPU
	EndGlobalSection
	GlobalSection(ProjectConfigurationPlatforms) = postSolution
		{4183B28F-804A-4773-A6C3-4AF031DF66C9}.Debug|Any CPU.ActiveCfg = Debug|Any CPU
		{4183B28F-804A-4773-A6C3-4AF031DF66C9}.Debug|Any CPU.Build.0 = Debug|Any CPU
		{4183B28F-804A-4773-A6C3-4AF031DF66C9}.Release|Any CPU.ActiveCfg = Release|Any CPU
		{4183B28F-804A-4773-A6C3-4AF031DF66C9}.Release|Any CPU.Build.0 = Release|Any CPU
		{DED231C8-970C-4EFA-8EF1-266A5CC8A590}.Debug|Any CPU.ActiveCfg = Debug|Any CPU
		{DED231C8-970C-4EFA-8EF1-266A5CC8A590}.Debug|Any CPU.Build.0 = Debug|Any CPU
		{DED231C8-970C-4EFA-8EF1-266A5CC8A590}.Release|Any CPU.ActiveCfg = Release|Any CPU
		{DED231C8-970C-4EFA-8EF1-266A5CC8A590}.Release|Any CPU.Build.0 = Release|Any CPU
		{02C7EC6C-D284-453B-82DE-36863A1249B8}.Debug|Any CPU.ActiveCfg = Debug|Any CPU
		{02C7EC6C-D284-453B-82DE-36863A1249B8}.Debug|Any CPU.Build.0 = Debug|Any CPU
		{02C7EC6C-D284-453B-82DE-36863A1249B8}.Release|Any CPU.ActiveCfg = Release|Any CPU
		{02C7EC6C-D284-453B-82DE-36863A1249B8}.Release|Any CPU.Build.0 = Release|Any CPU
		{D37D031D-B109-43A9-A01C-E1B6C9E13204}.Debug|Any CPU.ActiveCfg = Debug|Any CPU
		{D37D031D-B109-43A9-A01C-E1B6C9E13204}.Debug|Any CPU.Build.0 = Debug|Any CPU
		{D37D031D-B109-43A9-A01C-E1B6C9E13204}.Release|Any CPU.ActiveCfg = Release|Any CPU
		{D37D031D-B109-43A9-A01C-E1B6C9E13204}.Release|Any CPU.Build.0 = Release|Any CPU
		{535B8FD0-1188-4AD6-B855-CCB6132CA389}.Debug|Any CPU.ActiveCfg = Debug|Any CPU
		{535B8FD0-1188-4AD6-B855-CCB6132CA389}.Debug|Any CPU.Build.0 = Debug|Any CPU
		{535B8FD0-1188-4AD6-B855-CCB6132CA389}.Release|Any CPU.ActiveCfg = Release|Any CPU
		{535B8FD0-1188-4AD6-B855-CCB6132CA389}.Release|Any CPU.Build.0 = Release|Any CPU
	EndGlobalSection
	GlobalSection(SolutionProperties) = preSolution
		HideSolutionNode = FALSE
	EndGlobalSection
	GlobalSection(ExtensibilityGlobals) = postSolution
		SolutionGuid = {D92D12BF-BF3E-44D9-9568-B75057ACBCE8}
	EndGlobalSection
EndGlobal
